// !$*UTF8*$!
{
	archiveVersion = 1;
	classes = {
	};
	objectVersion = 56;
	objects = {

/* Begin PBXBuildFile section */
		0D17298B28FEF2C60059CBBE /* AppDelegate.swift in Sources */ = {isa = PBXBuildFile; fileRef = 0D17298A28FEF2C60059CBBE /* AppDelegate.swift */; };
		0D17298D28FEF2C60059CBBE /* SceneDelegate.swift in Sources */ = {isa = PBXBuildFile; fileRef = 0D17298C28FEF2C60059CBBE /* SceneDelegate.swift */; };
		0D17298F28FEF2C60059CBBE /* QuizFeedback.swift in Sources */ = {isa = PBXBuildFile; fileRef = 0D17298E28FEF2C60059CBBE /* QuizFeedback.swift */; };
		0D17299228FEF2C60059CBBE /* Main.storyboard in Resources */ = {isa = PBXBuildFile; fileRef = 0D17299028FEF2C60059CBBE /* Main.storyboard */; };
		0D17299428FEF2C70059CBBE /* Assets.xcassets in Resources */ = {isa = PBXBuildFile; fileRef = 0D17299328FEF2C70059CBBE /* Assets.xcassets */; };
		0D17299728FEF2C70059CBBE /* LaunchScreen.storyboard in Resources */ = {isa = PBXBuildFile; fileRef = 0D17299528FEF2C70059CBBE /* LaunchScreen.storyboard */; };
		0D1729A228FEF2C70059CBBE /* interview_buddyTests.swift in Sources */ = {isa = PBXBuildFile; fileRef = 0D1729A128FEF2C70059CBBE /* interview_buddyTests.swift */; };
		0D1729AC28FEF2C70059CBBE /* interview_buddyUITests.swift in Sources */ = {isa = PBXBuildFile; fileRef = 0D1729AB28FEF2C70059CBBE /* interview_buddyUITests.swift */; };
		0D1729AE28FEF2C70059CBBE /* interview_buddyUITestsLaunchTests.swift in Sources */ = {isa = PBXBuildFile; fileRef = 0D1729AD28FEF2C70059CBBE /* interview_buddyUITestsLaunchTests.swift */; };
		0D49B32629310406007C15F9 /* Utilities.swift in Sources */ = {isa = PBXBuildFile; fileRef = 0D49B32529310405007C15F9 /* Utilities.swift */; };
		0D49B32829311444007C15F9 /* ResetPasswordViewController.swift in Sources */ = {isa = PBXBuildFile; fileRef = 0D49B32729311444007C15F9 /* ResetPasswordViewController.swift */; };
		0DC541F62925821600ECECE4 /* SignUpViewController.swift in Sources */ = {isa = PBXBuildFile; fileRef = 0DC541F52925821600ECECE4 /* SignUpViewController.swift */; };
		0DC541F82925824200ECECE4 /* LoginViewController.swift in Sources */ = {isa = PBXBuildFile; fileRef = 0DC541F72925824200ECECE4 /* LoginViewController.swift */; };
		0DC541FA292583A000ECECE4 /* HomeViewController.swift in Sources */ = {isa = PBXBuildFile; fileRef = 0DC541F9292583A000ECECE4 /* HomeViewController.swift */; };
		0DC541FD2927CBC000ECECE4 /* Constans.swift in Sources */ = {isa = PBXBuildFile; fileRef = 0DC541FC2927CBC000ECECE4 /* Constans.swift */; };
		1471907A4186E3822205CC33 /* Pods_interview_buddyTests.framework in Frameworks */ = {isa = PBXBuildFile; fileRef = 5332B086F31D5CA2E69AA6ED /* Pods_interview_buddyTests.framework */; };
		8B17843E2938F57300BD8783 /* LanguageViewController.swift in Sources */ = {isa = PBXBuildFile; fileRef = 8B17843D2938F57300BD8783 /* LanguageViewController.swift */; };
		8B1784422938FE3D00BD8783 /* LanguageCollectionViewCell.swift in Sources */ = {isa = PBXBuildFile; fileRef = 8B1784412938FE3D00BD8783 /* LanguageCollectionViewCell.swift */; };
		8B178444293916D000BD8783 /* CategorieViewController.swift in Sources */ = {isa = PBXBuildFile; fileRef = 8B178443293916D000BD8783 /* CategorieViewController.swift */; };
		8B178446293944F000BD8783 /* CategorieTableViewCell.swift in Sources */ = {isa = PBXBuildFile; fileRef = 8B178445293944F000BD8783 /* CategorieTableViewCell.swift */; };
		8B2C6AF4291AFA0900D415CF /* QuestionViewController.swift in Sources */ = {isa = PBXBuildFile; fileRef = 8B2C6AF3291AFA0900D415CF /* QuestionViewController.swift */; };
		8B56DCB4291D6D8400275EB9 /* GoogleService-Info.plist in Resources */ = {isa = PBXBuildFile; fileRef = 8B56DCB3291D6D8400275EB9 /* GoogleService-Info.plist */; };
		8BE49A95293AE17500266417 /* QuizResultsViewController.swift in Sources */ = {isa = PBXBuildFile; fileRef = 8BE49A94293AE17500266417 /* QuizResultsViewController.swift */; };
		8BE49A97293AE2CB00266417 /* QuestionResultTableViewCell.swift in Sources */ = {isa = PBXBuildFile; fileRef = 8BE49A96293AE2CB00266417 /* QuestionResultTableViewCell.swift */; };
		97A3A617008BC64BC91383E1 /* Pods_interview_buddy_interview_buddyUITests.framework in Frameworks */ = {isa = PBXBuildFile; fileRef = 03534E78AE396528A7BF1473 /* Pods_interview_buddy_interview_buddyUITests.framework */; };
		F4BCD06A21993216B10CAD06 /* Pods_interview_buddy.framework in Frameworks */ = {isa = PBXBuildFile; fileRef = 5CBBCFAFFF165C37B75EF17D /* Pods_interview_buddy.framework */; };
/* End PBXBuildFile section */

/* Begin PBXContainerItemProxy section */
		0D17299E28FEF2C70059CBBE /* PBXContainerItemProxy */ = {
			isa = PBXContainerItemProxy;
			containerPortal = 0D17297F28FEF2C60059CBBE /* Project object */;
			proxyType = 1;
			remoteGlobalIDString = 0D17298628FEF2C60059CBBE;
			remoteInfo = "interview-buddy";
		};
		0D1729A828FEF2C70059CBBE /* PBXContainerItemProxy */ = {
			isa = PBXContainerItemProxy;
			containerPortal = 0D17297F28FEF2C60059CBBE /* Project object */;
			proxyType = 1;
			remoteGlobalIDString = 0D17298628FEF2C60059CBBE;
			remoteInfo = "interview-buddy";
		};
/* End PBXContainerItemProxy section */

/* Begin PBXFileReference section */
		03534E78AE396528A7BF1473 /* Pods_interview_buddy_interview_buddyUITests.framework */ = {isa = PBXFileReference; explicitFileType = wrapper.framework; includeInIndex = 0; path = Pods_interview_buddy_interview_buddyUITests.framework; sourceTree = BUILT_PRODUCTS_DIR; };
		06418CE62173DD3E8B4E66DF /* Pods-interview-buddy.debug.xcconfig */ = {isa = PBXFileReference; includeInIndex = 1; lastKnownFileType = text.xcconfig; name = "Pods-interview-buddy.debug.xcconfig"; path = "Target Support Files/Pods-interview-buddy/Pods-interview-buddy.debug.xcconfig"; sourceTree = "<group>"; };
		0D17298728FEF2C60059CBBE /* interview-buddy.app */ = {isa = PBXFileReference; explicitFileType = wrapper.application; includeInIndex = 0; path = "interview-buddy.app"; sourceTree = BUILT_PRODUCTS_DIR; };
		0D17298A28FEF2C60059CBBE /* AppDelegate.swift */ = {isa = PBXFileReference; lastKnownFileType = sourcecode.swift; path = AppDelegate.swift; sourceTree = "<group>"; };
		0D17298C28FEF2C60059CBBE /* SceneDelegate.swift */ = {isa = PBXFileReference; lastKnownFileType = sourcecode.swift; path = SceneDelegate.swift; sourceTree = "<group>"; };
		0D17298E28FEF2C60059CBBE /* QuizFeedback.swift */ = {isa = PBXFileReference; lastKnownFileType = sourcecode.swift; path = QuizFeedback.swift; sourceTree = "<group>"; };
		0D17299128FEF2C60059CBBE /* Base */ = {isa = PBXFileReference; lastKnownFileType = file.storyboard; name = Base; path = Base.lproj/Main.storyboard; sourceTree = "<group>"; };
		0D17299328FEF2C70059CBBE /* Assets.xcassets */ = {isa = PBXFileReference; lastKnownFileType = folder.assetcatalog; path = Assets.xcassets; sourceTree = "<group>"; };
		0D17299628FEF2C70059CBBE /* Base */ = {isa = PBXFileReference; lastKnownFileType = file.storyboard; name = Base; path = Base.lproj/LaunchScreen.storyboard; sourceTree = "<group>"; };
		0D17299828FEF2C70059CBBE /* Info.plist */ = {isa = PBXFileReference; lastKnownFileType = text.plist.xml; path = Info.plist; sourceTree = "<group>"; };
		0D17299D28FEF2C70059CBBE /* interview-buddyTests.xctest */ = {isa = PBXFileReference; explicitFileType = wrapper.cfbundle; includeInIndex = 0; path = "interview-buddyTests.xctest"; sourceTree = BUILT_PRODUCTS_DIR; };
		0D1729A128FEF2C70059CBBE /* interview_buddyTests.swift */ = {isa = PBXFileReference; lastKnownFileType = sourcecode.swift; path = interview_buddyTests.swift; sourceTree = "<group>"; };
		0D1729A728FEF2C70059CBBE /* interview-buddyUITests.xctest */ = {isa = PBXFileReference; explicitFileType = wrapper.cfbundle; includeInIndex = 0; path = "interview-buddyUITests.xctest"; sourceTree = BUILT_PRODUCTS_DIR; };
		0D1729AB28FEF2C70059CBBE /* interview_buddyUITests.swift */ = {isa = PBXFileReference; lastKnownFileType = sourcecode.swift; path = interview_buddyUITests.swift; sourceTree = "<group>"; };
		0D1729AD28FEF2C70059CBBE /* interview_buddyUITestsLaunchTests.swift */ = {isa = PBXFileReference; lastKnownFileType = sourcecode.swift; path = interview_buddyUITestsLaunchTests.swift; sourceTree = "<group>"; };
		0D49B32529310405007C15F9 /* Utilities.swift */ = {isa = PBXFileReference; fileEncoding = 4; lastKnownFileType = sourcecode.swift; path = Utilities.swift; sourceTree = "<group>"; };
		0D49B32729311444007C15F9 /* ResetPasswordViewController.swift */ = {isa = PBXFileReference; lastKnownFileType = sourcecode.swift; path = ResetPasswordViewController.swift; sourceTree = "<group>"; };
		0DC541F52925821600ECECE4 /* SignUpViewController.swift */ = {isa = PBXFileReference; lastKnownFileType = sourcecode.swift; path = SignUpViewController.swift; sourceTree = "<group>"; };
		0DC541F72925824200ECECE4 /* LoginViewController.swift */ = {isa = PBXFileReference; lastKnownFileType = sourcecode.swift; path = LoginViewController.swift; sourceTree = "<group>"; };
		0DC541F9292583A000ECECE4 /* HomeViewController.swift */ = {isa = PBXFileReference; lastKnownFileType = sourcecode.swift; path = HomeViewController.swift; sourceTree = "<group>"; };
		0DC541FC2927CBC000ECECE4 /* Constans.swift */ = {isa = PBXFileReference; lastKnownFileType = sourcecode.swift; path = Constans.swift; sourceTree = "<group>"; };
		5332B086F31D5CA2E69AA6ED /* Pods_interview_buddyTests.framework */ = {isa = PBXFileReference; explicitFileType = wrapper.framework; includeInIndex = 0; path = Pods_interview_buddyTests.framework; sourceTree = BUILT_PRODUCTS_DIR; };
		5CBBCFAFFF165C37B75EF17D /* Pods_interview_buddy.framework */ = {isa = PBXFileReference; explicitFileType = wrapper.framework; includeInIndex = 0; path = Pods_interview_buddy.framework; sourceTree = BUILT_PRODUCTS_DIR; };
		83C334ED571366B845E2A9EA /* Pods-interview-buddyTests.release.xcconfig */ = {isa = PBXFileReference; includeInIndex = 1; lastKnownFileType = text.xcconfig; name = "Pods-interview-buddyTests.release.xcconfig"; path = "Target Support Files/Pods-interview-buddyTests/Pods-interview-buddyTests.release.xcconfig"; sourceTree = "<group>"; };
		8B17843D2938F57300BD8783 /* LanguageViewController.swift */ = {isa = PBXFileReference; lastKnownFileType = sourcecode.swift; path = LanguageViewController.swift; sourceTree = "<group>"; };
		8B1784412938FE3D00BD8783 /* LanguageCollectionViewCell.swift */ = {isa = PBXFileReference; lastKnownFileType = sourcecode.swift; path = LanguageCollectionViewCell.swift; sourceTree = "<group>"; };
		8B178443293916D000BD8783 /* CategorieViewController.swift */ = {isa = PBXFileReference; lastKnownFileType = sourcecode.swift; path = CategorieViewController.swift; sourceTree = "<group>"; };
		8B178445293944F000BD8783 /* CategorieTableViewCell.swift */ = {isa = PBXFileReference; lastKnownFileType = sourcecode.swift; path = CategorieTableViewCell.swift; sourceTree = "<group>"; };
		8B2C6AF3291AFA0900D415CF /* QuestionViewController.swift */ = {isa = PBXFileReference; lastKnownFileType = sourcecode.swift; path = QuestionViewController.swift; sourceTree = "<group>"; };
		8B56DCB3291D6D8400275EB9 /* GoogleService-Info.plist */ = {isa = PBXFileReference; fileEncoding = 4; lastKnownFileType = text.plist.xml; name = "GoogleService-Info.plist"; path = "../../../../../Downloads/GoogleService-Info.plist"; sourceTree = "<group>"; };
		8BB8CB1A291D7CBE0081859C /* GoogleService-Info.plist */ = {isa = PBXFileReference; lastKnownFileType = text.plist.xml; path = "GoogleService-Info.plist"; sourceTree = "<group>"; };
		8BE49A94293AE17500266417 /* QuizResultsViewController.swift */ = {isa = PBXFileReference; lastKnownFileType = sourcecode.swift; path = QuizResultsViewController.swift; sourceTree = "<group>"; };
		8BE49A96293AE2CB00266417 /* QuestionResultTableViewCell.swift */ = {isa = PBXFileReference; lastKnownFileType = sourcecode.swift; path = QuestionResultTableViewCell.swift; sourceTree = "<group>"; };
		8E5CF7D0B5F8018634285CB1 /* Pods-interview-buddy-interview-buddyUITests.release.xcconfig */ = {isa = PBXFileReference; includeInIndex = 1; lastKnownFileType = text.xcconfig; name = "Pods-interview-buddy-interview-buddyUITests.release.xcconfig"; path = "Target Support Files/Pods-interview-buddy-interview-buddyUITests/Pods-interview-buddy-interview-buddyUITests.release.xcconfig"; sourceTree = "<group>"; };
		974754C5314A7CD0A2DA125A /* Pods-interview-buddyTests.debug.xcconfig */ = {isa = PBXFileReference; includeInIndex = 1; lastKnownFileType = text.xcconfig; name = "Pods-interview-buddyTests.debug.xcconfig"; path = "Target Support Files/Pods-interview-buddyTests/Pods-interview-buddyTests.debug.xcconfig"; sourceTree = "<group>"; };
		B5EDD23E990EDA140BD5FB72 /* Pods-interview-buddy.release.xcconfig */ = {isa = PBXFileReference; includeInIndex = 1; lastKnownFileType = text.xcconfig; name = "Pods-interview-buddy.release.xcconfig"; path = "Target Support Files/Pods-interview-buddy/Pods-interview-buddy.release.xcconfig"; sourceTree = "<group>"; };
		BB69B2D4E2EC030C21905913 /* Pods-interview-buddy-interview-buddyUITests.debug.xcconfig */ = {isa = PBXFileReference; includeInIndex = 1; lastKnownFileType = text.xcconfig; name = "Pods-interview-buddy-interview-buddyUITests.debug.xcconfig"; path = "Target Support Files/Pods-interview-buddy-interview-buddyUITests/Pods-interview-buddy-interview-buddyUITests.debug.xcconfig"; sourceTree = "<group>"; };
/* End PBXFileReference section */

/* Begin PBXFrameworksBuildPhase section */
		0D17298428FEF2C60059CBBE /* Frameworks */ = {
			isa = PBXFrameworksBuildPhase;
			buildActionMask = 2147483647;
			files = (
				F4BCD06A21993216B10CAD06 /* Pods_interview_buddy.framework in Frameworks */,
			);
			runOnlyForDeploymentPostprocessing = 0;
		};
		0D17299A28FEF2C70059CBBE /* Frameworks */ = {
			isa = PBXFrameworksBuildPhase;
			buildActionMask = 2147483647;
			files = (
				1471907A4186E3822205CC33 /* Pods_interview_buddyTests.framework in Frameworks */,
			);
			runOnlyForDeploymentPostprocessing = 0;
		};
		0D1729A428FEF2C70059CBBE /* Frameworks */ = {
			isa = PBXFrameworksBuildPhase;
			buildActionMask = 2147483647;
			files = (
				97A3A617008BC64BC91383E1 /* Pods_interview_buddy_interview_buddyUITests.framework in Frameworks */,
			);
			runOnlyForDeploymentPostprocessing = 0;
		};
/* End PBXFrameworksBuildPhase section */

/* Begin PBXGroup section */
		0D17297E28FEF2C60059CBBE = {
			isa = PBXGroup;
			children = (
				8BB8CB1A291D7CBE0081859C /* GoogleService-Info.plist */,
				0D17298928FEF2C60059CBBE /* interview-buddy */,
				0D1729A028FEF2C70059CBBE /* interview-buddyTests */,
				0D1729AA28FEF2C70059CBBE /* interview-buddyUITests */,
				0D17298828FEF2C60059CBBE /* Products */,
				36E018317216F39C84802AA3 /* Pods */,
				88F6F4D36D853B8DA10B52D3 /* Frameworks */,
			);
			sourceTree = "<group>";
		};
		0D17298828FEF2C60059CBBE /* Products */ = {
			isa = PBXGroup;
			children = (
				0D17298728FEF2C60059CBBE /* interview-buddy.app */,
				0D17299D28FEF2C70059CBBE /* interview-buddyTests.xctest */,
				0D1729A728FEF2C70059CBBE /* interview-buddyUITests.xctest */,
			);
			name = Products;
			sourceTree = "<group>";
		};
		0D17298928FEF2C60059CBBE /* interview-buddy */ = {
			isa = PBXGroup;
			children = (
				0DC541FB2927CB9600ECECE4 /* Helpers */,
				8B56DCB3291D6D8400275EB9 /* GoogleService-Info.plist */,
				0D17298A28FEF2C60059CBBE /* AppDelegate.swift */,
				0D17298C28FEF2C60059CBBE /* SceneDelegate.swift */,
				0D17298E28FEF2C60059CBBE /* QuizFeedback.swift */,
				0D17299028FEF2C60059CBBE /* Main.storyboard */,
				0D17299328FEF2C70059CBBE /* Assets.xcassets */,
				0D17299528FEF2C70059CBBE /* LaunchScreen.storyboard */,
				0D17299828FEF2C70059CBBE /* Info.plist */,
				8B2C6AF3291AFA0900D415CF /* QuestionViewController.swift */,
				0DC541F52925821600ECECE4 /* SignUpViewController.swift */,
				0DC541F72925824200ECECE4 /* LoginViewController.swift */,
				0DC541F9292583A000ECECE4 /* HomeViewController.swift */,
				0D49B32729311444007C15F9 /* ResetPasswordViewController.swift */,
				8B17843D2938F57300BD8783 /* LanguageViewController.swift */,
				8B1784412938FE3D00BD8783 /* LanguageCollectionViewCell.swift */,
				8B178443293916D000BD8783 /* CategorieViewController.swift */,
				8B178445293944F000BD8783 /* CategorieTableViewCell.swift */,
				8BE49A94293AE17500266417 /* QuizResultsViewController.swift */,
				8BE49A96293AE2CB00266417 /* QuestionResultTableViewCell.swift */,
			);
			path = "interview-buddy";
			sourceTree = "<group>";
		};
		0D1729A028FEF2C70059CBBE /* interview-buddyTests */ = {
			isa = PBXGroup;
			children = (
				0D1729A128FEF2C70059CBBE /* interview_buddyTests.swift */,
			);
			path = "interview-buddyTests";
			sourceTree = "<group>";
		};
		0D1729AA28FEF2C70059CBBE /* interview-buddyUITests */ = {
			isa = PBXGroup;
			children = (
				0D1729AB28FEF2C70059CBBE /* interview_buddyUITests.swift */,
				0D1729AD28FEF2C70059CBBE /* interview_buddyUITestsLaunchTests.swift */,
			);
			path = "interview-buddyUITests";
			sourceTree = "<group>";
		};
		0DC541FB2927CB9600ECECE4 /* Helpers */ = {
			isa = PBXGroup;
			children = (
				0D49B32529310405007C15F9 /* Utilities.swift */,
				0DC541FC2927CBC000ECECE4 /* Constans.swift */,
			);
			path = Helpers;
			sourceTree = "<group>";
		};
		36E018317216F39C84802AA3 /* Pods */ = {
			isa = PBXGroup;
			children = (
				06418CE62173DD3E8B4E66DF /* Pods-interview-buddy.debug.xcconfig */,
				B5EDD23E990EDA140BD5FB72 /* Pods-interview-buddy.release.xcconfig */,
				BB69B2D4E2EC030C21905913 /* Pods-interview-buddy-interview-buddyUITests.debug.xcconfig */,
				8E5CF7D0B5F8018634285CB1 /* Pods-interview-buddy-interview-buddyUITests.release.xcconfig */,
				974754C5314A7CD0A2DA125A /* Pods-interview-buddyTests.debug.xcconfig */,
				83C334ED571366B845E2A9EA /* Pods-interview-buddyTests.release.xcconfig */,
			);
			path = Pods;
			sourceTree = "<group>";
		};
		88F6F4D36D853B8DA10B52D3 /* Frameworks */ = {
			isa = PBXGroup;
			children = (
				5CBBCFAFFF165C37B75EF17D /* Pods_interview_buddy.framework */,
				03534E78AE396528A7BF1473 /* Pods_interview_buddy_interview_buddyUITests.framework */,
				5332B086F31D5CA2E69AA6ED /* Pods_interview_buddyTests.framework */,
			);
			name = Frameworks;
			sourceTree = "<group>";
		};
/* End PBXGroup section */

/* Begin PBXNativeTarget section */
		0D17298628FEF2C60059CBBE /* interview-buddy */ = {
			isa = PBXNativeTarget;
			buildConfigurationList = 0D1729B128FEF2C70059CBBE /* Build configuration list for PBXNativeTarget "interview-buddy" */;
			buildPhases = (
				20998642E7D63720BD0F75BC /* [CP] Check Pods Manifest.lock */,
				0D17298328FEF2C60059CBBE /* Sources */,
				0D17298428FEF2C60059CBBE /* Frameworks */,
				0D17298528FEF2C60059CBBE /* Resources */,
				D5D86070D1B9191AB1E0773C /* [CP] Embed Pods Frameworks */,
			);
			buildRules = (
			);
			dependencies = (
			);
			name = "interview-buddy";
			packageProductDependencies = (
			);
			productName = "interview-buddy";
			productReference = 0D17298728FEF2C60059CBBE /* interview-buddy.app */;
			productType = "com.apple.product-type.application";
		};
		0D17299C28FEF2C70059CBBE /* interview-buddyTests */ = {
			isa = PBXNativeTarget;
			buildConfigurationList = 0D1729B428FEF2C70059CBBE /* Build configuration list for PBXNativeTarget "interview-buddyTests" */;
			buildPhases = (
				FC8CA8F6BF6CB613A927920F /* [CP] Check Pods Manifest.lock */,
				0D17299928FEF2C70059CBBE /* Sources */,
				0D17299A28FEF2C70059CBBE /* Frameworks */,
				0D17299B28FEF2C70059CBBE /* Resources */,
			);
			buildRules = (
			);
			dependencies = (
				0D17299F28FEF2C70059CBBE /* PBXTargetDependency */,
			);
			name = "interview-buddyTests";
			productName = "interview-buddyTests";
			productReference = 0D17299D28FEF2C70059CBBE /* interview-buddyTests.xctest */;
			productType = "com.apple.product-type.bundle.unit-test";
		};
		0D1729A628FEF2C70059CBBE /* interview-buddyUITests */ = {
			isa = PBXNativeTarget;
			buildConfigurationList = 0D1729B728FEF2C70059CBBE /* Build configuration list for PBXNativeTarget "interview-buddyUITests" */;
			buildPhases = (
				EAF9867F7A91BAEF59C8A03E /* [CP] Check Pods Manifest.lock */,
				0D1729A328FEF2C70059CBBE /* Sources */,
				0D1729A428FEF2C70059CBBE /* Frameworks */,
				0D1729A528FEF2C70059CBBE /* Resources */,
				3D1B3D4F9DDBF1DB99C40442 /* [CP] Embed Pods Frameworks */,
			);
			buildRules = (
			);
			dependencies = (
				0D1729A928FEF2C70059CBBE /* PBXTargetDependency */,
			);
			name = "interview-buddyUITests";
			productName = "interview-buddyUITests";
			productReference = 0D1729A728FEF2C70059CBBE /* interview-buddyUITests.xctest */;
			productType = "com.apple.product-type.bundle.ui-testing";
		};
/* End PBXNativeTarget section */

/* Begin PBXProject section */
		0D17297F28FEF2C60059CBBE /* Project object */ = {
			isa = PBXProject;
			attributes = {
				BuildIndependentTargetsInParallel = 1;
				LastSwiftUpdateCheck = 1400;
				LastUpgradeCheck = 1400;
				TargetAttributes = {
					0D17298628FEF2C60059CBBE = {
						CreatedOnToolsVersion = 14.0.1;
					};
					0D17299C28FEF2C70059CBBE = {
						CreatedOnToolsVersion = 14.0.1;
						TestTargetID = 0D17298628FEF2C60059CBBE;
					};
					0D1729A628FEF2C70059CBBE = {
						CreatedOnToolsVersion = 14.0.1;
						TestTargetID = 0D17298628FEF2C60059CBBE;
					};
				};
			};
			buildConfigurationList = 0D17298228FEF2C60059CBBE /* Build configuration list for PBXProject "interview-buddy" */;
			compatibilityVersion = "Xcode 14.0";
			developmentRegion = en;
			hasScannedForEncodings = 0;
			knownRegions = (
				en,
				Base,
			);
			mainGroup = 0D17297E28FEF2C60059CBBE;
			packageReferences = (
			);
			productRefGroup = 0D17298828FEF2C60059CBBE /* Products */;
			projectDirPath = "";
			projectRoot = "";
			targets = (
				0D17298628FEF2C60059CBBE /* interview-buddy */,
				0D17299C28FEF2C70059CBBE /* interview-buddyTests */,
				0D1729A628FEF2C70059CBBE /* interview-buddyUITests */,
			);
		};
/* End PBXProject section */

/* Begin PBXResourcesBuildPhase section */
		0D17298528FEF2C60059CBBE /* Resources */ = {
			isa = PBXResourcesBuildPhase;
			buildActionMask = 2147483647;
			files = (
				0D17299728FEF2C70059CBBE /* LaunchScreen.storyboard in Resources */,
				8B56DCB4291D6D8400275EB9 /* GoogleService-Info.plist in Resources */,
				0D17299428FEF2C70059CBBE /* Assets.xcassets in Resources */,
				0D17299228FEF2C60059CBBE /* Main.storyboard in Resources */,
			);
			runOnlyForDeploymentPostprocessing = 0;
		};
		0D17299B28FEF2C70059CBBE /* Resources */ = {
			isa = PBXResourcesBuildPhase;
			buildActionMask = 2147483647;
			files = (
			);
			runOnlyForDeploymentPostprocessing = 0;
		};
		0D1729A528FEF2C70059CBBE /* Resources */ = {
			isa = PBXResourcesBuildPhase;
			buildActionMask = 2147483647;
			files = (
			);
			runOnlyForDeploymentPostprocessing = 0;
		};
/* End PBXResourcesBuildPhase section */

/* Begin PBXShellScriptBuildPhase section */
		20998642E7D63720BD0F75BC /* [CP] Check Pods Manifest.lock */ = {
			isa = PBXShellScriptBuildPhase;
			buildActionMask = 2147483647;
			files = (
			);
			inputFileListPaths = (
			);
			inputPaths = (
				"${PODS_PODFILE_DIR_PATH}/Podfile.lock",
				"${PODS_ROOT}/Manifest.lock",
			);
			name = "[CP] Check Pods Manifest.lock";
			outputFileListPaths = (
			);
			outputPaths = (
				"$(DERIVED_FILE_DIR)/Pods-interview-buddy-checkManifestLockResult.txt",
			);
			runOnlyForDeploymentPostprocessing = 0;
			shellPath = /bin/sh;
			shellScript = "diff \"${PODS_PODFILE_DIR_PATH}/Podfile.lock\" \"${PODS_ROOT}/Manifest.lock\" > /dev/null\nif [ $? != 0 ] ; then\n    # print error to STDERR\n    echo \"error: The sandbox is not in sync with the Podfile.lock. Run 'pod install' or update your CocoaPods installation.\" >&2\n    exit 1\nfi\n# This output is used by Xcode 'outputs' to avoid re-running this script phase.\necho \"SUCCESS\" > \"${SCRIPT_OUTPUT_FILE_0}\"\n";
			showEnvVarsInLog = 0;
		};
		3D1B3D4F9DDBF1DB99C40442 /* [CP] Embed Pods Frameworks */ = {
			isa = PBXShellScriptBuildPhase;
			buildActionMask = 2147483647;
			files = (
			);
			inputFileListPaths = (
				"${PODS_ROOT}/Target Support Files/Pods-interview-buddy-interview-buddyUITests/Pods-interview-buddy-interview-buddyUITests-frameworks-${CONFIGURATION}-input-files.xcfilelist",
			);
			name = "[CP] Embed Pods Frameworks";
			outputFileListPaths = (
				"${PODS_ROOT}/Target Support Files/Pods-interview-buddy-interview-buddyUITests/Pods-interview-buddy-interview-buddyUITests-frameworks-${CONFIGURATION}-output-files.xcfilelist",
			);
			runOnlyForDeploymentPostprocessing = 0;
			shellPath = /bin/sh;
			shellScript = "\"${PODS_ROOT}/Target Support Files/Pods-interview-buddy-interview-buddyUITests/Pods-interview-buddy-interview-buddyUITests-frameworks.sh\"\n";
			showEnvVarsInLog = 0;
		};
		D5D86070D1B9191AB1E0773C /* [CP] Embed Pods Frameworks */ = {
			isa = PBXShellScriptBuildPhase;
			buildActionMask = 2147483647;
			files = (
			);
			inputFileListPaths = (
				"${PODS_ROOT}/Target Support Files/Pods-interview-buddy/Pods-interview-buddy-frameworks-${CONFIGURATION}-input-files.xcfilelist",
			);
			name = "[CP] Embed Pods Frameworks";
			outputFileListPaths = (
				"${PODS_ROOT}/Target Support Files/Pods-interview-buddy/Pods-interview-buddy-frameworks-${CONFIGURATION}-output-files.xcfilelist",
			);
			runOnlyForDeploymentPostprocessing = 0;
			shellPath = /bin/sh;
			shellScript = "\"${PODS_ROOT}/Target Support Files/Pods-interview-buddy/Pods-interview-buddy-frameworks.sh\"\n";
			showEnvVarsInLog = 0;
		};
		EAF9867F7A91BAEF59C8A03E /* [CP] Check Pods Manifest.lock */ = {
			isa = PBXShellScriptBuildPhase;
			buildActionMask = 2147483647;
			files = (
			);
			inputFileListPaths = (
			);
			inputPaths = (
				"${PODS_PODFILE_DIR_PATH}/Podfile.lock",
				"${PODS_ROOT}/Manifest.lock",
			);
			name = "[CP] Check Pods Manifest.lock";
			outputFileListPaths = (
			);
			outputPaths = (
				"$(DERIVED_FILE_DIR)/Pods-interview-buddy-interview-buddyUITests-checkManifestLockResult.txt",
			);
			runOnlyForDeploymentPostprocessing = 0;
			shellPath = /bin/sh;
			shellScript = "diff \"${PODS_PODFILE_DIR_PATH}/Podfile.lock\" \"${PODS_ROOT}/Manifest.lock\" > /dev/null\nif [ $? != 0 ] ; then\n    # print error to STDERR\n    echo \"error: The sandbox is not in sync with the Podfile.lock. Run 'pod install' or update your CocoaPods installation.\" >&2\n    exit 1\nfi\n# This output is used by Xcode 'outputs' to avoid re-running this script phase.\necho \"SUCCESS\" > \"${SCRIPT_OUTPUT_FILE_0}\"\n";
			showEnvVarsInLog = 0;
		};
		FC8CA8F6BF6CB613A927920F /* [CP] Check Pods Manifest.lock */ = {
			isa = PBXShellScriptBuildPhase;
			buildActionMask = 2147483647;
			files = (
			);
			inputFileListPaths = (
			);
			inputPaths = (
				"${PODS_PODFILE_DIR_PATH}/Podfile.lock",
				"${PODS_ROOT}/Manifest.lock",
			);
			name = "[CP] Check Pods Manifest.lock";
			outputFileListPaths = (
			);
			outputPaths = (
				"$(DERIVED_FILE_DIR)/Pods-interview-buddyTests-checkManifestLockResult.txt",
			);
			runOnlyForDeploymentPostprocessing = 0;
			shellPath = /bin/sh;
			shellScript = "diff \"${PODS_PODFILE_DIR_PATH}/Podfile.lock\" \"${PODS_ROOT}/Manifest.lock\" > /dev/null\nif [ $? != 0 ] ; then\n    # print error to STDERR\n    echo \"error: The sandbox is not in sync with the Podfile.lock. Run 'pod install' or update your CocoaPods installation.\" >&2\n    exit 1\nfi\n# This output is used by Xcode 'outputs' to avoid re-running this script phase.\necho \"SUCCESS\" > \"${SCRIPT_OUTPUT_FILE_0}\"\n";
			showEnvVarsInLog = 0;
		};
/* End PBXShellScriptBuildPhase section */

/* Begin PBXSourcesBuildPhase section */
		0D17298328FEF2C60059CBBE /* Sources */ = {
			isa = PBXSourcesBuildPhase;
			buildActionMask = 2147483647;
			files = (
				8B178444293916D000BD8783 /* CategorieViewController.swift in Sources */,
				8BE49A95293AE17500266417 /* QuizResultsViewController.swift in Sources */,
				8BE49A97293AE2CB00266417 /* QuestionResultTableViewCell.swift in Sources */,
				0DC541F82925824200ECECE4 /* LoginViewController.swift in Sources */,
				0D17298F28FEF2C60059CBBE /* QuizFeedback.swift in Sources */,
				8B178446293944F000BD8783 /* CategorieTableViewCell.swift in Sources */,
				8B1784422938FE3D00BD8783 /* LanguageCollectionViewCell.swift in Sources */,
				0DC541F62925821600ECECE4 /* SignUpViewController.swift in Sources */,
				0D17298B28FEF2C60059CBBE /* AppDelegate.swift in Sources */,
				0DC541FD2927CBC000ECECE4 /* Constans.swift in Sources */,
				0D49B32629310406007C15F9 /* Utilities.swift in Sources */,
				0DC541FA292583A000ECECE4 /* HomeViewController.swift in Sources */,
				8B2C6AF4291AFA0900D415CF /* QuestionViewController.swift in Sources */,
				0D49B32829311444007C15F9 /* ResetPasswordViewController.swift in Sources */,
				8B17843E2938F57300BD8783 /* LanguageViewController.swift in Sources */,
				0D17298D28FEF2C60059CBBE /* SceneDelegate.swift in Sources */,
			);
			runOnlyForDeploymentPostprocessing = 0;
		};
		0D17299928FEF2C70059CBBE /* Sources */ = {
			isa = PBXSourcesBuildPhase;
			buildActionMask = 2147483647;
			files = (
				0D1729A228FEF2C70059CBBE /* interview_buddyTests.swift in Sources */,
			);
			runOnlyForDeploymentPostprocessing = 0;
		};
		0D1729A328FEF2C70059CBBE /* Sources */ = {
			isa = PBXSourcesBuildPhase;
			buildActionMask = 2147483647;
			files = (
				0D1729AC28FEF2C70059CBBE /* interview_buddyUITests.swift in Sources */,
				0D1729AE28FEF2C70059CBBE /* interview_buddyUITestsLaunchTests.swift in Sources */,
			);
			runOnlyForDeploymentPostprocessing = 0;
		};
/* End PBXSourcesBuildPhase section */

/* Begin PBXTargetDependency section */
		0D17299F28FEF2C70059CBBE /* PBXTargetDependency */ = {
			isa = PBXTargetDependency;
			target = 0D17298628FEF2C60059CBBE /* interview-buddy */;
			targetProxy = 0D17299E28FEF2C70059CBBE /* PBXContainerItemProxy */;
		};
		0D1729A928FEF2C70059CBBE /* PBXTargetDependency */ = {
			isa = PBXTargetDependency;
			target = 0D17298628FEF2C60059CBBE /* interview-buddy */;
			targetProxy = 0D1729A828FEF2C70059CBBE /* PBXContainerItemProxy */;
		};
/* End PBXTargetDependency section */

/* Begin PBXVariantGroup section */
		0D17299028FEF2C60059CBBE /* Main.storyboard */ = {
			isa = PBXVariantGroup;
			children = (
				0D17299128FEF2C60059CBBE /* Base */,
			);
			name = Main.storyboard;
			sourceTree = "<group>";
		};
		0D17299528FEF2C70059CBBE /* LaunchScreen.storyboard */ = {
			isa = PBXVariantGroup;
			children = (
				0D17299628FEF2C70059CBBE /* Base */,
			);
			name = LaunchScreen.storyboard;
			sourceTree = "<group>";
		};
/* End PBXVariantGroup section */

/* Begin XCBuildConfiguration section */
		0D1729AF28FEF2C70059CBBE /* Debug */ = {
			isa = XCBuildConfiguration;
			buildSettings = {
				ALWAYS_SEARCH_USER_PATHS = NO;
				CLANG_ANALYZER_NONNULL = YES;
				CLANG_ANALYZER_NUMBER_OBJECT_CONVERSION = YES_AGGRESSIVE;
				CLANG_CXX_LANGUAGE_STANDARD = "gnu++20";
				CLANG_ENABLE_MODULES = YES;
				CLANG_ENABLE_OBJC_ARC = YES;
				CLANG_ENABLE_OBJC_WEAK = YES;
				CLANG_WARN_BLOCK_CAPTURE_AUTORELEASING = YES;
				CLANG_WARN_BOOL_CONVERSION = YES;
				CLANG_WARN_COMMA = YES;
				CLANG_WARN_CONSTANT_CONVERSION = YES;
				CLANG_WARN_DEPRECATED_OBJC_IMPLEMENTATIONS = YES;
				CLANG_WARN_DIRECT_OBJC_ISA_USAGE = YES_ERROR;
				CLANG_WARN_DOCUMENTATION_COMMENTS = YES;
				CLANG_WARN_EMPTY_BODY = YES;
				CLANG_WARN_ENUM_CONVERSION = YES;
				CLANG_WARN_INFINITE_RECURSION = YES;
				CLANG_WARN_INT_CONVERSION = YES;
				CLANG_WARN_NON_LITERAL_NULL_CONVERSION = YES;
				CLANG_WARN_OBJC_IMPLICIT_RETAIN_SELF = YES;
				CLANG_WARN_OBJC_LITERAL_CONVERSION = YES;
				CLANG_WARN_OBJC_ROOT_CLASS = YES_ERROR;
				CLANG_WARN_QUOTED_INCLUDE_IN_FRAMEWORK_HEADER = YES;
				CLANG_WARN_RANGE_LOOP_ANALYSIS = YES;
				CLANG_WARN_STRICT_PROTOTYPES = YES;
				CLANG_WARN_SUSPICIOUS_MOVE = YES;
				CLANG_WARN_UNGUARDED_AVAILABILITY = YES_AGGRESSIVE;
				CLANG_WARN_UNREACHABLE_CODE = YES;
				CLANG_WARN__DUPLICATE_METHOD_MATCH = YES;
				COPY_PHASE_STRIP = NO;
				DEBUG_INFORMATION_FORMAT = dwarf;
				ENABLE_STRICT_OBJC_MSGSEND = YES;
				ENABLE_TESTABILITY = YES;
				GCC_C_LANGUAGE_STANDARD = gnu11;
				GCC_DYNAMIC_NO_PIC = NO;
				GCC_NO_COMMON_BLOCKS = YES;
				GCC_OPTIMIZATION_LEVEL = 0;
				GCC_PREPROCESSOR_DEFINITIONS = (
					"DEBUG=1",
					"$(inherited)",
				);
				GCC_WARN_64_TO_32_BIT_CONVERSION = YES;
				GCC_WARN_ABOUT_RETURN_TYPE = YES_ERROR;
				GCC_WARN_UNDECLARED_SELECTOR = YES;
				GCC_WARN_UNINITIALIZED_AUTOS = YES_AGGRESSIVE;
				GCC_WARN_UNUSED_FUNCTION = YES;
				GCC_WARN_UNUSED_VARIABLE = YES;
				IPHONEOS_DEPLOYMENT_TARGET = 16.0;
				MTL_ENABLE_DEBUG_INFO = INCLUDE_SOURCE;
				MTL_FAST_MATH = YES;
				ONLY_ACTIVE_ARCH = YES;
				SDKROOT = iphoneos;
				SWIFT_ACTIVE_COMPILATION_CONDITIONS = DEBUG;
				SWIFT_OPTIMIZATION_LEVEL = "-Onone";
			};
			name = Debug;
		};
		0D1729B028FEF2C70059CBBE /* Release */ = {
			isa = XCBuildConfiguration;
			buildSettings = {
				ALWAYS_SEARCH_USER_PATHS = NO;
				CLANG_ANALYZER_NONNULL = YES;
				CLANG_ANALYZER_NUMBER_OBJECT_CONVERSION = YES_AGGRESSIVE;
				CLANG_CXX_LANGUAGE_STANDARD = "gnu++20";
				CLANG_ENABLE_MODULES = YES;
				CLANG_ENABLE_OBJC_ARC = YES;
				CLANG_ENABLE_OBJC_WEAK = YES;
				CLANG_WARN_BLOCK_CAPTURE_AUTORELEASING = YES;
				CLANG_WARN_BOOL_CONVERSION = YES;
				CLANG_WARN_COMMA = YES;
				CLANG_WARN_CONSTANT_CONVERSION = YES;
				CLANG_WARN_DEPRECATED_OBJC_IMPLEMENTATIONS = YES;
				CLANG_WARN_DIRECT_OBJC_ISA_USAGE = YES_ERROR;
				CLANG_WARN_DOCUMENTATION_COMMENTS = YES;
				CLANG_WARN_EMPTY_BODY = YES;
				CLANG_WARN_ENUM_CONVERSION = YES;
				CLANG_WARN_INFINITE_RECURSION = YES;
				CLANG_WARN_INT_CONVERSION = YES;
				CLANG_WARN_NON_LITERAL_NULL_CONVERSION = YES;
				CLANG_WARN_OBJC_IMPLICIT_RETAIN_SELF = YES;
				CLANG_WARN_OBJC_LITERAL_CONVERSION = YES;
				CLANG_WARN_OBJC_ROOT_CLASS = YES_ERROR;
				CLANG_WARN_QUOTED_INCLUDE_IN_FRAMEWORK_HEADER = YES;
				CLANG_WARN_RANGE_LOOP_ANALYSIS = YES;
				CLANG_WARN_STRICT_PROTOTYPES = YES;
				CLANG_WARN_SUSPICIOUS_MOVE = YES;
				CLANG_WARN_UNGUARDED_AVAILABILITY = YES_AGGRESSIVE;
				CLANG_WARN_UNREACHABLE_CODE = YES;
				CLANG_WARN__DUPLICATE_METHOD_MATCH = YES;
				COPY_PHASE_STRIP = NO;
				DEBUG_INFORMATION_FORMAT = "dwarf-with-dsym";
				ENABLE_NS_ASSERTIONS = NO;
				ENABLE_STRICT_OBJC_MSGSEND = YES;
				GCC_C_LANGUAGE_STANDARD = gnu11;
				GCC_NO_COMMON_BLOCKS = YES;
				GCC_WARN_64_TO_32_BIT_CONVERSION = YES;
				GCC_WARN_ABOUT_RETURN_TYPE = YES_ERROR;
				GCC_WARN_UNDECLARED_SELECTOR = YES;
				GCC_WARN_UNINITIALIZED_AUTOS = YES_AGGRESSIVE;
				GCC_WARN_UNUSED_FUNCTION = YES;
				GCC_WARN_UNUSED_VARIABLE = YES;
				IPHONEOS_DEPLOYMENT_TARGET = 16.0;
				MTL_ENABLE_DEBUG_INFO = NO;
				MTL_FAST_MATH = YES;
				SDKROOT = iphoneos;
				SWIFT_COMPILATION_MODE = wholemodule;
				SWIFT_OPTIMIZATION_LEVEL = "-O";
				VALIDATE_PRODUCT = YES;
			};
			name = Release;
		};
		0D1729B228FEF2C70059CBBE /* Debug */ = {
			isa = XCBuildConfiguration;
			baseConfigurationReference = 06418CE62173DD3E8B4E66DF /* Pods-interview-buddy.debug.xcconfig */;
			buildSettings = {
				ASSETCATALOG_COMPILER_APPICON_NAME = AppIcon;
				ASSETCATALOG_COMPILER_GLOBAL_ACCENT_COLOR_NAME = AccentColor;
				CODE_SIGN_STYLE = Automatic;
				CURRENT_PROJECT_VERSION = 1;
				DEVELOPMENT_TEAM = 94WA4VCJGX;
				GENERATE_INFOPLIST_FILE = YES;
				INFOPLIST_FILE = "interview-buddy/Info.plist";
				INFOPLIST_KEY_UIApplicationSupportsIndirectInputEvents = YES;
				INFOPLIST_KEY_UILaunchStoryboardName = LaunchScreen;
				INFOPLIST_KEY_UIMainStoryboardFile = Main;
				INFOPLIST_KEY_UISupportedInterfaceOrientations_iPad = "UIInterfaceOrientationPortrait UIInterfaceOrientationPortraitUpsideDown UIInterfaceOrientationLandscapeLeft UIInterfaceOrientationLandscapeRight";
				INFOPLIST_KEY_UISupportedInterfaceOrientations_iPhone = "UIInterfaceOrientationPortrait UIInterfaceOrientationLandscapeLeft UIInterfaceOrientationLandscapeRight";
				LD_RUNPATH_SEARCH_PATHS = (
					"$(inherited)",
					"@executable_path/Frameworks",
				);
				MARKETING_VERSION = 1.0;
				PRODUCT_BUNDLE_IDENTIFIER = "juan.interview-buddy";
				PRODUCT_NAME = "$(TARGET_NAME)";
				SWIFT_EMIT_LOC_STRINGS = YES;
				SWIFT_VERSION = 5.0;
				TARGETED_DEVICE_FAMILY = "1,2";
			};
			name = Debug;
		};
		0D1729B328FEF2C70059CBBE /* Release */ = {
			isa = XCBuildConfiguration;
			baseConfigurationReference = B5EDD23E990EDA140BD5FB72 /* Pods-interview-buddy.release.xcconfig */;
			buildSettings = {
				ASSETCATALOG_COMPILER_APPICON_NAME = AppIcon;
				ASSETCATALOG_COMPILER_GLOBAL_ACCENT_COLOR_NAME = AccentColor;
				CODE_SIGN_STYLE = Automatic;
				CURRENT_PROJECT_VERSION = 1;
				DEVELOPMENT_TEAM = 94WA4VCJGX;
				GENERATE_INFOPLIST_FILE = YES;
				INFOPLIST_FILE = "interview-buddy/Info.plist";
				INFOPLIST_KEY_UIApplicationSupportsIndirectInputEvents = YES;
				INFOPLIST_KEY_UILaunchStoryboardName = LaunchScreen;
				INFOPLIST_KEY_UIMainStoryboardFile = Main;
				INFOPLIST_KEY_UISupportedInterfaceOrientations_iPad = "UIInterfaceOrientationPortrait UIInterfaceOrientationPortraitUpsideDown UIInterfaceOrientationLandscapeLeft UIInterfaceOrientationLandscapeRight";
				INFOPLIST_KEY_UISupportedInterfaceOrientations_iPhone = "UIInterfaceOrientationPortrait UIInterfaceOrientationLandscapeLeft UIInterfaceOrientationLandscapeRight";
				LD_RUNPATH_SEARCH_PATHS = (
					"$(inherited)",
					"@executable_path/Frameworks",
				);
				MARKETING_VERSION = 1.0;
				PRODUCT_BUNDLE_IDENTIFIER = "juan.interview-buddy";
				PRODUCT_NAME = "$(TARGET_NAME)";
				SWIFT_EMIT_LOC_STRINGS = YES;
				SWIFT_VERSION = 5.0;
				TARGETED_DEVICE_FAMILY = "1,2";
			};
			name = Release;
		};
		0D1729B528FEF2C70059CBBE /* Debug */ = {
			isa = XCBuildConfiguration;
			baseConfigurationReference = 974754C5314A7CD0A2DA125A /* Pods-interview-buddyTests.debug.xcconfig */;
			buildSettings = {
				ALWAYS_EMBED_SWIFT_STANDARD_LIBRARIES = YES;
				BUNDLE_LOADER = "$(TEST_HOST)";
				CODE_SIGN_STYLE = Automatic;
				CURRENT_PROJECT_VERSION = 1;
				DEVELOPMENT_TEAM = T66A94QG9D;
				GENERATE_INFOPLIST_FILE = YES;
				IPHONEOS_DEPLOYMENT_TARGET = 16.0;
				MARKETING_VERSION = 1.0;
				PRODUCT_BUNDLE_IDENTIFIER = "juan.interview-buddyTests";
				PRODUCT_NAME = "$(TARGET_NAME)";
				SWIFT_EMIT_LOC_STRINGS = NO;
				SWIFT_VERSION = 5.0;
				TARGETED_DEVICE_FAMILY = "1,2";
				TEST_HOST = "$(BUILT_PRODUCTS_DIR)/interview-buddy.app/$(BUNDLE_EXECUTABLE_FOLDER_PATH)/interview-buddy";
			};
			name = Debug;
		};
		0D1729B628FEF2C70059CBBE /* Release */ = {
			isa = XCBuildConfiguration;
			baseConfigurationReference = 83C334ED571366B845E2A9EA /* Pods-interview-buddyTests.release.xcconfig */;
			buildSettings = {
				ALWAYS_EMBED_SWIFT_STANDARD_LIBRARIES = YES;
				BUNDLE_LOADER = "$(TEST_HOST)";
				CODE_SIGN_STYLE = Automatic;
				CURRENT_PROJECT_VERSION = 1;
				DEVELOPMENT_TEAM = T66A94QG9D;
				GENERATE_INFOPLIST_FILE = YES;
				IPHONEOS_DEPLOYMENT_TARGET = 16.0;
				MARKETING_VERSION = 1.0;
				PRODUCT_BUNDLE_IDENTIFIER = "juan.interview-buddyTests";
				PRODUCT_NAME = "$(TARGET_NAME)";
				SWIFT_EMIT_LOC_STRINGS = NO;
				SWIFT_VERSION = 5.0;
				TARGETED_DEVICE_FAMILY = "1,2";
				TEST_HOST = "$(BUILT_PRODUCTS_DIR)/interview-buddy.app/$(BUNDLE_EXECUTABLE_FOLDER_PATH)/interview-buddy";
			};
			name = Release;
		};
		0D1729B828FEF2C70059CBBE /* Debug */ = {
			isa = XCBuildConfiguration;
			baseConfigurationReference = BB69B2D4E2EC030C21905913 /* Pods-interview-buddy-interview-buddyUITests.debug.xcconfig */;
			buildSettings = {
				ALWAYS_EMBED_SWIFT_STANDARD_LIBRARIES = YES;
				CODE_SIGN_STYLE = Automatic;
				CURRENT_PROJECT_VERSION = 1;
				DEVELOPMENT_TEAM = T66A94QG9D;
				GENERATE_INFOPLIST_FILE = YES;
				MARKETING_VERSION = 1.0;
				PRODUCT_BUNDLE_IDENTIFIER = "juan.interview-buddyUITests";
				PRODUCT_NAME = "$(TARGET_NAME)";
				SWIFT_EMIT_LOC_STRINGS = NO;
				SWIFT_VERSION = 5.0;
				TARGETED_DEVICE_FAMILY = "1,2";
				TEST_TARGET_NAME = "interview-buddy";
			};
			name = Debug;
		};
		0D1729B928FEF2C70059CBBE /* Release */ = {
			isa = XCBuildConfiguration;
			baseConfigurationReference = 8E5CF7D0B5F8018634285CB1 /* Pods-interview-buddy-interview-buddyUITests.release.xcconfig */;
			buildSettings = {
				ALWAYS_EMBED_SWIFT_STANDARD_LIBRARIES = YES;
				CODE_SIGN_STYLE = Automatic;
				CURRENT_PROJECT_VERSION = 1;
				DEVELOPMENT_TEAM = T66A94QG9D;
				GENERATE_INFOPLIST_FILE = YES;
				MARKETING_VERSION = 1.0;
				PRODUCT_BUNDLE_IDENTIFIER = "juan.interview-buddyUITests";
				PRODUCT_NAME = "$(TARGET_NAME)";
				SWIFT_EMIT_LOC_STRINGS = NO;
				SWIFT_VERSION = 5.0;
				TARGETED_DEVICE_FAMILY = "1,2";
				TEST_TARGET_NAME = "interview-buddy";
			};
			name = Release;
		};
/* End XCBuildConfiguration section */

/* Begin XCConfigurationList section */
		0D17298228FEF2C60059CBBE /* Build configuration list for PBXProject "interview-buddy" */ = {
			isa = XCConfigurationList;
			buildConfigurations = (
				0D1729AF28FEF2C70059CBBE /* Debug */,
				0D1729B028FEF2C70059CBBE /* Release */,
			);
			defaultConfigurationIsVisible = 0;
			defaultConfigurationName = Release;
		};
		0D1729B128FEF2C70059CBBE /* Build configuration list for PBXNativeTarget "interview-buddy" */ = {
			isa = XCConfigurationList;
			buildConfigurations = (
				0D1729B228FEF2C70059CBBE /* Debug */,
				0D1729B328FEF2C70059CBBE /* Release */,
			);
			defaultConfigurationIsVisible = 0;
			defaultConfigurationName = Release;
		};
		0D1729B428FEF2C70059CBBE /* Build configuration list for PBXNativeTarget "interview-buddyTests" */ = {
			isa = XCConfigurationList;
			buildConfigurations = (
				0D1729B528FEF2C70059CBBE /* Debug */,
				0D1729B628FEF2C70059CBBE /* Release */,
			);
			defaultConfigurationIsVisible = 0;
			defaultConfigurationName = Release;
		};
		0D1729B728FEF2C70059CBBE /* Build configuration list for PBXNativeTarget "interview-buddyUITests" */ = {
			isa = XCConfigurationList;
			buildConfigurations = (
				0D1729B828FEF2C70059CBBE /* Debug */,
				0D1729B928FEF2C70059CBBE /* Release */,
			);
			defaultConfigurationIsVisible = 0;
			defaultConfigurationName = Release;
		};
/* End XCConfigurationList section */
	};
	rootObject = 0D17297F28FEF2C60059CBBE /* Project object */;
}
